// !$*UTF8*$!
{
	archiveVersion = 1;
	classes = {
	};
	objectVersion = 46;
	objects = {

/* Begin PBXBuildFile section */
		A3BAEA5A1B2F1EE200306E52 /* main.m in Sources */ = {isa = PBXBuildFile; fileRef = A3BAEA591B2F1EE200306E52 /* main.m */; };
		A3BAEA5D1B2F1EE200306E52 /* AppDelegate.m in Sources */ = {isa = PBXBuildFile; fileRef = A3BAEA5C1B2F1EE200306E52 /* AppDelegate.m */; };
		A3BAEA601B2F1EE200306E52 /* ViewController.m in Sources */ = {isa = PBXBuildFile; fileRef = A3BAEA5F1B2F1EE200306E52 /* ViewController.m */; };
		A3BAEA631B2F1EE200306E52 /* Main.storyboard in Resources */ = {isa = PBXBuildFile; fileRef = A3BAEA611B2F1EE200306E52 /* Main.storyboard */; };
		A3BAEA651B2F1EE200306E52 /* Images.xcassets in Resources */ = {isa = PBXBuildFile; fileRef = A3BAEA641B2F1EE200306E52 /* Images.xcassets */; };
		A3BAEA681B2F1EE200306E52 /* LaunchScreen.xib in Resources */ = {isa = PBXBuildFile; fileRef = A3BAEA661B2F1EE200306E52 /* LaunchScreen.xib */; };
		A3BAEA741B2F1EE200306E52 /* BackgammonTests.m in Sources */ = {isa = PBXBuildFile; fileRef = A3BAEA731B2F1EE200306E52 /* BackgammonTests.m */; };
/* End PBXBuildFile section */

/* Begin PBXContainerItemProxy section */
		A3BAEA6E1B2F1EE200306E52 /* PBXContainerItemProxy */ = {
			isa = PBXContainerItemProxy;
			containerPortal = A3BAEA4C1B2F1EE200306E52 /* Project object */;
			proxyType = 1;
			remoteGlobalIDString = A3BAEA531B2F1EE200306E52;
			remoteInfo = Backgammon;
		};
/* End PBXContainerItemProxy section */

/* Begin PBXFileReference section */
		A3BAEA541B2F1EE200306E52 /* Backgammon.app */ = {isa = PBXFileReference; explicitFileType = wrapper.application; includeInIndex = 0; path = Backgammon.app; sourceTree = BUILT_PRODUCTS_DIR; };
		A3BAEA581B2F1EE200306E52 /* Info.plist */ = {isa = PBXFileReference; lastKnownFileType = text.plist.xml; path = Info.plist; sourceTree = "<group>"; };
		A3BAEA591B2F1EE200306E52 /* main.m */ = {isa = PBXFileReference; lastKnownFileType = sourcecode.c.objc; path = main.m; sourceTree = "<group>"; };
		A3BAEA5B1B2F1EE200306E52 /* AppDelegate.h */ = {isa = PBXFileReference; lastKnownFileType = sourcecode.c.h; path = AppDelegate.h; sourceTree = "<group>"; };
		A3BAEA5C1B2F1EE200306E52 /* AppDelegate.m */ = {isa = PBXFileReference; lastKnownFileType = sourcecode.c.objc; path = AppDelegate.m; sourceTree = "<group>"; };
		A3BAEA5E1B2F1EE200306E52 /* ViewController.h */ = {isa = PBXFileReference; lastKnownFileType = sourcecode.c.h; path = ViewController.h; sourceTree = "<group>"; };
		A3BAEA5F1B2F1EE200306E52 /* ViewController.m */ = {isa = PBXFileReference; lastKnownFileType = sourcecode.c.objc; path = ViewController.m; sourceTree = "<group>"; };
		A3BAEA621B2F1EE200306E52 /* Base */ = {isa = PBXFileReference; lastKnownFileType = file.storyboard; name = Base; path = Base.lproj/Main.storyboard; sourceTree = "<group>"; };
		A3BAEA641B2F1EE200306E52 /* Images.xcassets */ = {isa = PBXFileReference; lastKnownFileType = folder.assetcatalog; path = Images.xcassets; sourceTree = "<group>"; };
		A3BAEA671B2F1EE200306E52 /* Base */ = {isa = PBXFileReference; lastKnownFileType = file.xib; name = Base; path = Base.lproj/LaunchScreen.xib; sourceTree = "<group>"; };
		A3BAEA6D1B2F1EE200306E52 /* BackgammonTests.xctest */ = {isa = PBXFileReference; explicitFileType = wrapper.cfbundle; includeInIndex = 0; path = BackgammonTests.xctest; sourceTree = BUILT_PRODUCTS_DIR; };
		A3BAEA721B2F1EE200306E52 /* Info.plist */ = {isa = PBXFileReference; lastKnownFileType = text.plist.xml; path = Info.plist; sourceTree = "<group>"; };
		A3BAEA731B2F1EE200306E52 /* BackgammonTests.m */ = {isa = PBXFileReference; lastKnownFileType = sourcecode.c.objc; path = BackgammonTests.m; sourceTree = "<group>"; };
/* End PBXFileReference section */

/* Begin PBXFrameworksBuildPhase section */
		A3BAEA511B2F1EE200306E52 /* Frameworks */ = {
			isa = PBXFrameworksBuildPhase;
			buildActionMask = 2147483647;
			files = (
			);
			runOnlyForDeploymentPostprocessing = 0;
		};
		A3BAEA6A1B2F1EE200306E52 /* Frameworks */ = {
			isa = PBXFrameworksBuildPhase;
			buildActionMask = 2147483647;
			files = (
			);
			runOnlyForDeploymentPostprocessing = 0;
		};
/* End PBXFrameworksBuildPhase section */

/* Begin PBXGroup section */
		A3BAEA4B1B2F1EE200306E52 = {
			isa = PBXGroup;
			children = (
				A3BAEA561B2F1EE200306E52 /* Backgammon */,
				A3BAEA701B2F1EE200306E52 /* BackgammonTests */,
				A3BAEA551B2F1EE200306E52 /* Products */,
			);
			sourceTree = "<group>";
		};
		A3BAEA551B2F1EE200306E52 /* Products */ = {
			isa = PBXGroup;
			children = (
				A3BAEA541B2F1EE200306E52 /* Backgammon.app */,
				A3BAEA6D1B2F1EE200306E52 /* BackgammonTests.xctest */,
			);
			name = Products;
			sourceTree = "<group>";
		};
		A3BAEA561B2F1EE200306E52 /* Backgammon */ = {
			isa = PBXGroup;
			children = (
				A3BAEA5B1B2F1EE200306E52 /* AppDelegate.h */,
				A3BAEA5C1B2F1EE200306E52 /* AppDelegate.m */,
				A3BAEA5E1B2F1EE200306E52 /* ViewController.h */,
				A3BAEA5F1B2F1EE200306E52 /* ViewController.m */,
				A3BAEA611B2F1EE200306E52 /* Main.storyboard */,
				A3BAEA641B2F1EE200306E52 /* Images.xcassets */,
				A3BAEA661B2F1EE200306E52 /* LaunchScreen.xib */,
				A3BAEA571B2F1EE200306E52 /* Supporting Files */,
			);
			path = Backgammon;
			sourceTree = "<group>";
		};
		A3BAEA571B2F1EE200306E52 /* Supporting Files */ = {
			isa = PBXGroup;
			children = (
				A3BAEA581B2F1EE200306E52 /* Info.plist */,
				A3BAEA591B2F1EE200306E52 /* main.m */,
			);
			name = "Supporting Files";
			sourceTree = "<group>";
		};
		A3BAEA701B2F1EE200306E52 /* BackgammonTests */ = {
			isa = PBXGroup;
			children = (
				A3BAEA731B2F1EE200306E52 /* BackgammonTests.m */,
				A3BAEA711B2F1EE200306E52 /* Supporting Files */,
			);
			path = BackgammonTests;
			sourceTree = "<group>";
		};
		A3BAEA711B2F1EE200306E52 /* Supporting Files */ = {
			isa = PBXGroup;
			children = (
				A3BAEA721B2F1EE200306E52 /* Info.plist */,
			);
			name = "Supporting Files";
			sourceTree = "<group>";
		};
/* End PBXGroup section */

/* Begin PBXNativeTarget section */
		A3BAEA531B2F1EE200306E52 /* Backgammon */ = {
			isa = PBXNativeTarget;
			buildConfigurationList = A3BAEA771B2F1EE200306E52 /* Build configuration list for PBXNativeTarget "Backgammon" */;
			buildPhases = (
				A3BAEA501B2F1EE200306E52 /* Sources */,
				A3BAEA511B2F1EE200306E52 /* Frameworks */,
				A3BAEA521B2F1EE200306E52 /* Resources */,
			);
			buildRules = (
			);
			dependencies = (
			);
			name = Backgammon;
			productName = Backgammon;
			productReference = A3BAEA541B2F1EE200306E52 /* Backgammon.app */;
			productType = "com.apple.product-type.application";
		};
		A3BAEA6C1B2F1EE200306E52 /* BackgammonTests */ = {
			isa = PBXNativeTarget;
			buildConfigurationList = A3BAEA7A1B2F1EE200306E52 /* Build configuration list for PBXNativeTarget "BackgammonTests" */;
			buildPhases = (
				A3BAEA691B2F1EE200306E52 /* Sources */,
				A3BAEA6A1B2F1EE200306E52 /* Frameworks */,
				A3BAEA6B1B2F1EE200306E52 /* Resources */,
			);
			buildRules = (
			);
			dependencies = (
				A3BAEA6F1B2F1EE200306E52 /* PBXTargetDependency */,
			);
			name = BackgammonTests;
			productName = BackgammonTests;
			productReference = A3BAEA6D1B2F1EE200306E52 /* BackgammonTests.xctest */;
			productType = "com.apple.product-type.bundle.unit-test";
		};
/* End PBXNativeTarget section */

/* Begin PBXProject section */
		A3BAEA4C1B2F1EE200306E52 /* Project object */ = {
			isa = PBXProject;
			attributes = {
				LastUpgradeCheck = 0630;
				ORGANIZATIONNAME = "aybek can kaya";
				TargetAttributes = {
					A3BAEA531B2F1EE200306E52 = {
						CreatedOnToolsVersion = 6.3.2;
					};
					A3BAEA6C1B2F1EE200306E52 = {
						CreatedOnToolsVersion = 6.3.2;
						TestTargetID = A3BAEA531B2F1EE200306E52;
					};
				};
			};
			buildConfigurationList = A3BAEA4F1B2F1EE200306E52 /* Build configuration list for PBXProject "Backgammon" */;
			compatibilityVersion = "Xcode 3.2";
			developmentRegion = English;
			hasScannedForEncodings = 0;
			knownRegions = (
				en,
				Base,
			);
			mainGroup = A3BAEA4B1B2F1EE200306E52;
			productRefGroup = A3BAEA551B2F1EE200306E52 /* Products */;
			projectDirPath = "";
			projectRoot = "";
			targets = (
				A3BAEA531B2F1EE200306E52 /* Backgammon */,
				A3BAEA6C1B2F1EE200306E52 /* BackgammonTests */,
			);
		};
/* End PBXProject section */

/* Begin PBXResourcesBuildPhase section */
		A3BAEA521B2F1EE200306E52 /* Resources */ = {
			isa = PBXResourcesBuildPhase;
			buildActionMask = 2147483647;
			files = (
				A3BAEA631B2F1EE200306E52 /* Main.storyboard in Resources */,
				A3BAEA681B2F1EE200306E52 /* LaunchScreen.xib in Resources */,
				A3BAEA651B2F1EE200306E52 /* Images.xcassets in Resources */,
			);
			runOnlyForDeploymentPostprocessing = 0;
		};
		A3BAEA6B1B2F1EE200306E52 /* Resources */ = {
			isa = PBXResourcesBuildPhase;
			buildActionMask = 2147483647;
			files = (
			);
			runOnlyForDeploymentPostprocessing = 0;
		};
/* End PBXResourcesBuildPhase section */

/* Begin PBXSourcesBuildPhase section */
		A3BAEA501B2F1EE200306E52 /* Sources */ = {
			isa = PBXSourcesBuildPhase;
			buildActionMask = 2147483647;
			files = (
				A3BAEA601B2F1EE200306E52 /* ViewController.m in Sources */,
				A3BAEA5D1B2F1EE200306E52 /* AppDelegate.m in Sources */,
				A3BAEA5A1B2F1EE200306E52 /* main.m in Sources */,
			);
			runOnlyForDeploymentPostprocessing = 0;
		};
		A3BAEA691B2F1EE200306E52 /* Sources */ = {
			isa = PBXSourcesBuildPhase;
			buildActionMask = 2147483647;
			files = (
				A3BAEA741B2F1EE200306E52 /* BackgammonTests.m in Sources */,
			);
			runOnlyForDeploymentPostprocessing = 0;
		};
/* End PBXSourcesBuildPhase section */

/* Begin PBXTargetDependency section */
		A3BAEA6F1B2F1EE200306E52 /* PBXTargetDependency */ = {
			isa = PBXTargetDependency;
			target = A3BAEA531B2F1EE200306E52 /* Backgammon */;
			targetProxy = A3BAEA6E1B2F1EE200306E52 /* PBXContainerItemProxy */;
		};
/* End PBXTargetDependency section */

/* Begin PBXVariantGroup section */
		A3BAEA611B2F1EE200306E52 /* Main.storyboard */ = {
			isa = PBXVariantGroup;
			children = (
				A3BAEA621B2F1EE200306E52 /* Base */,
			);
			name = Main.storyboard;
			sourceTree = "<group>";
		};
		A3BAEA661B2F1EE200306E52 /* LaunchScreen.xib */ = {
			isa = PBXVariantGroup;
			children = (
				A3BAEA671B2F1EE200306E52 /* Base */,
			);
			name = LaunchScreen.xib;
			sourceTree = "<group>";
		};
/* End PBXVariantGroup section */

/* Begin XCBuildConfiguration section */
		A3BAEA751B2F1EE200306E52 /* Debug */ = {
			isa = XCBuildConfiguration;
			buildSettings = {
				ALWAYS_SEARCH_USER_PATHS = NO;
				CLANG_CXX_LANGUAGE_STANDARD = "gnu++0x";
				CLANG_CXX_LIBRARY = "libc++";
				CLANG_ENABLE_MODULES = YES;
				CLANG_ENABLE_OBJC_ARC = YES;
				CLANG_WARN_BOOL_CONVERSION = YES;
				CLANG_WARN_CONSTANT_CONVERSION = YES;
				CLANG_WARN_DIRECT_OBJC_ISA_USAGE = YES_ERROR;
				CLANG_WARN_EMPTY_BODY = YES;
				CLANG_WARN_ENUM_CONVERSION = YES;
				CLANG_WARN_INT_CONVERSION = YES;
				CLANG_WARN_OBJC_ROOT_CLASS = YES_ERROR;
				CLANG_WARN_UNREACHABLE_CODE = YES;
				CLANG_WARN__DUPLICATE_METHOD_MATCH = YES;
				"CODE_SIGN_IDENTITY[sdk=iphoneos*]" = "iPhone Developer";
				COPY_PHASE_STRIP = NO;
				DEBUG_INFORMATION_FORMAT = "dwarf-with-dsym";
				ENABLE_STRICT_OBJC_MSGSEND = YES;
				GCC_C_LANGUAGE_STANDARD = gnu99;
				GCC_DYNAMIC_NO_PIC = NO;
				GCC_NO_COMMON_BLOCKS = YES;
				GCC_OPTIMIZATION_LEVEL = 0;
				GCC_PREPROCESSOR_DEFINITIONS = (
					"DEBUG=1",
					"$(inherited)",
				);
				GCC_SYMBOLS_PRIVATE_EXTERN = NO;
				GCC_WARN_64_TO_32_BIT_CONVERSION = YES;
				GCC_WARN_ABOUT_RETURN_TYPE = YES_ERROR;
				GCC_WARN_UNDECLARED_SELECTOR = YES;
				GCC_WARN_UNINITIALIZED_AUTOS = YES_AGGRESSIVE;
				GCC_WARN_UNUSED_FUNCTION = YES;
				GCC_WARN_UNUSED_VARIABLE = YES;
				IPHONEOS_DEPLOYMENT_TARGET = 8.3;
				MTL_ENABLE_DEBUG_INFO = YES;
				ONLY_ACTIVE_ARCH = YES;
				SDKROOT = iphoneos;
				TARGETED_DEVICE_FAMILY = "1,2";
			};
			name = Debug;
		};
		A3BAEA761B2F1EE200306E52 /* Release */ = {
			isa = XCBuildConfiguration;
			buildSettings = {
				ALWAYS_SEARCH_USER_PATHS = NO;
				CLANG_CXX_LANGUAGE_STANDARD = "gnu++0x";
				CLANG_CXX_LIBRARY = "libc++";
				CLANG_ENABLE_MODULES = YES;
				CLANG_ENABLE_OBJC_ARC = YES;
				CLANG_WARN_BOOL_CONVERSION = YES;
				CLANG_WARN_CONSTANT_CONVERSION = YES;
				CLANG_WARN_DIRECT_OBJC_ISA_USAGE = YES_ERROR;
				CLANG_WARN_EMPTY_BODY = YES;
				CLANG_WARN_ENUM_CONVERSION = YES;
				CLANG_WARN_INT_CONVERSION = YES;
				CLANG_WARN_OBJC_ROOT_CLASS = YES_ERROR;
				CLANG_WARN_UNREACHABLE_CODE = YES;
				CLANG_WARN__DUPLICATE_METHOD_MATCH = YES;
				"CODE_SIGN_IDENTITY[sdk=iphoneos*]" = "iPhone Developer";
				COPY_PHASE_STRIP = NO;
				DEBUG_INFORMATION_FORMAT = "dwarf-with-dsym";
				ENABLE_NS_ASSERTIONS = NO;
				ENABLE_STRICT_OBJC_MSGSEND = YES;
				GCC_C_LANGUAGE_STANDARD = gnu99;
				GCC_NO_COMMON_BLOCKS = YES;
				GCC_WARN_64_TO_32_BIT_CONVERSION = YES;
				GCC_WARN_ABOUT_RETURN_TYPE = YES_ERROR;
				GCC_WARN_UNDECLARED_SELECTOR = YES;
				GCC_WARN_UNINITIALIZED_AUTOS = YES_AGGRESSIVE;
				GCC_WARN_UNUSED_FUNCTION = YES;
				GCC_WARN_UNUSED_VARIABLE = YES;
				IPHONEOS_DEPLOYMENT_TARGET = 8.3;
				MTL_ENABLE_DEBUG_INFO = NO;
				SDKROOT = iphoneos;
				TARGETED_DEVICE_FAMILY = "1,2";
				VALIDATE_PRODUCT = YES;
			};
			name = Release;
		};
		A3BAEA781B2F1EE200306E52 /* Debug */ = {
			isa = XCBuildConfiguration;
			buildSettings = {
				ASSETCATALOG_COMPILER_APPICON_NAME = AppIcon;
				INFOPLIST_FILE = Backgammon/Info.plist;
				LD_RUNPATH_SEARCH_PATHS = "$(inherited) @executable_path/Frameworks";
				PRODUCT_NAME = "$(TARGET_NAME)";
			};
			name = Debug;
		};
		A3BAEA791B2F1EE200306E52 /* Release */ = {
			isa = XCBuildConfiguration;
			buildSettings = {
				ASSETCATALOG_COMPILER_APPICON_NAME = AppIcon;
				INFOPLIST_FILE = Backgammon/Info.plist;
				LD_RUNPATH_SEARCH_PATHS = "$(inherited) @executable_path/Frameworks";
				PRODUCT_NAME = "$(TARGET_NAME)";
			};
			name = Release;
		};
		A3BAEA7B1B2F1EE200306E52 /* Debug */ = {
			isa = XCBuildConfiguration;
			buildSettings = {
				BUNDLE_LOADER = "$(TEST_HOST)";
				FRAMEWORK_SEARCH_PATHS = (
					"$(SDKROOT)/Developer/Library/Frameworks",
					"$(inherited)",
				);
				GCC_PREPROCESSOR_DEFINITIONS = (
					"DEBUG=1",
					"$(inherited)",
				);
				INFOPLIST_FILE = BackgammonTests/Info.plist;
				LD_RUNPATH_SEARCH_PATHS = "$(inherited) @executable_path/Frameworks @loader_path/Frameworks";
				PRODUCT_NAME = "$(TARGET_NAME)";
				TEST_HOST = "$(BUILT_PRODUCTS_DIR)/Backgammon.app/Backgammon";
			};
			name = Debug;
		};
		A3BAEA7C1B2F1EE200306E52 /* Release */ = {
			isa = XCBuildConfiguration;
			buildSettings = {
				BUNDLE_LOADER = "$(TEST_HOST)";
				FRAMEWORK_SEARCH_PATHS = (
					"$(SDKROOT)/Developer/Library/Frameworks",
					"$(inherited)",
				);
				INFOPLIST_FILE = BackgammonTests/Info.plist;
				LD_RUNPATH_SEARCH_PATHS = "$(inherited) @executable_path/Frameworks @loader_path/Frameworks";
				PRODUCT_NAME = "$(TARGET_NAME)";
				TEST_HOST = "$(BUILT_PRODUCTS_DIR)/Backgammon.app/Backgammon";
			};
			name = Release;
		};
/* End XCBuildConfiguration section */

/* Begin XCConfigurationList section */
		A3BAEA4F1B2F1EE200306E52 /* Build configuration list for PBXProject "Backgammon" */ = {
			isa = XCConfigurationList;
			buildConfigurations = (
				A3BAEA751B2F1EE200306E52 /* Debug */,
				A3BAEA761B2F1EE200306E52 /* Release */,
			);
			defaultConfigurationIsVisible = 0;
			defaultConfigurationName = Release;
		};
		A3BAEA771B2F1EE200306E52 /* Build configuration list for PBXNativeTarget "Backgammon" */ = {
			isa = XCConfigurationList;
			buildConfigurations = (
				A3BAEA781B2F1EE200306E52 /* Debug */,
				A3BAEA791B2F1EE200306E52 /* Release */,
			);
			defaultConfigurationIsVisible = 0;
		};
		A3BAEA7A1B2F1EE200306E52 /* Build configuration list for PBXNativeTarget "BackgammonTests" */ = {
			isa = XCConfigurationList;
			buildConfigurations = (
				A3BAEA7B1B2F1EE200306E52 /* Debug */,
				A3BAEA7C1B2F1EE200306E52 /* Release */,
			);
			defaultConfigurationIsVisible = 0;
		};
/* End XCConfigurationList section */
	};
	rootObject = A3BAEA4C1B2F1EE200306E52 /* Project object */;
}
